<?xml version="1.0" encoding="utf-8"?>
<Project ToolsVersion="4.0" xmlns="http://schemas.microsoft.com/developer/msbuild/2003">
  <ItemGroup>
    <Filter Include="Source Files">
      <UniqueIdentifier>{4FC737F1-C7A5-4376-A066-2A32D752A2FF}</UniqueIdentifier>
      <Extensions>qml;cpp;c;cc;cxx;def;odl;idl;hpj;bat;asm;asmx</Extensions>
    </Filter>
    <Filter Include="Header Files">
      <UniqueIdentifier>{93995380-89BD-4b04-88EB-625FBE52EBFB}</UniqueIdentifier>
      <Extensions>h;hh;hpp;hxx;hm;inl;inc;xsd</Extensions>
    </Filter>
    <Filter Include="Resource Files">
      <UniqueIdentifier>{67DA6AB6-F800-4c08-8B7A-83BB121AAD01}</UniqueIdentifier>
      <Extensions>qrc;rc;ico;cur;bmp;dlg;rc2;rct;bin;rgs;gif;jpg;jpeg;jpe;resx;tiff;tif;png;wav;mfcribbon-ms</Extensions>
    </Filter>
    <Filter Include="Form Files">
      <UniqueIdentifier>{99349809-55BA-4b9d-BF79-8FDBB0286EB3}</UniqueIdentifier>
      <Extensions>ui</Extensions>
    </Filter>
    <Filter Include="Translation Files">
      <UniqueIdentifier>{639EADAA-A684-42e4-A9AD-28FC9BCB8F7C}</UniqueIdentifier>
      <Extensions>ts</Extensions>
    </Filter>
  </ItemGroup>
  <ItemGroup>
    <QtUic Include="src\View\QAN1xEditor.ui">
      <Filter>Form Files</Filter>
    </QtUic>
    <QtMoc Include="src\View\QAN1xEditor.h">
      <Filter>Header Files</Filter>
    </QtMoc>
    <ClCompile Include="src\View\QAN1xEditor.cpp">
      <Filter>Source Files</Filter>
    </ClCompile>
    <QtRcc Include="QAN1xEditor.qrc">
      <Filter>Resource Files</Filter>
    </QtRcc>
    <QtUic Include="src\View\SettingsDialog.ui">
      <Filter>Form Files</Filter>
    </QtUic>
  </ItemGroup>
  <ItemGroup>
    <ClCompile Include="src\main.cpp">
      <Filter>Source Files</Filter>
    </ClCompile>
    <ClCompile Include="src\View\SceneView.cpp">
      <Filter>Source Files</Filter>
    </ClCompile>
    <ClCompile Include="src\Model\MidiMaster.cpp">
      <Filter>Source Files</Filter>
    </ClCompile>
    <ClCompile Include="src\View\UiWidgets.cpp">
      <Filter>Source Files</Filter>
    </ClCompile>
    <ClCompile Include="src\Model\An1x.cpp">
      <Filter>Source Files</Filter>
    </ClCompile>
    <ClCompile Include="src\View\VoiceNameEdit.cpp">
      <Filter>Source Files</Filter>
    </ClCompile>
    <ClCompile Include="src\View\ControlMatrixScene.cpp">
      <Filter>Source Files</Filter>
    </ClCompile>
    <ClCompile Include="src\View\FxEq.cpp">
      <Filter>Source Files</Filter>
    </ClCompile>
    <ClCompile Include="src\View\ArpSeq.cpp">
      <Filter>Source Files</Filter>
    </ClCompile>
    <ClCompile Include="src\View\PianoRoll\PianoKey.cpp">
      <Filter>Source Files</Filter>
    </ClCompile>
    <ClCompile Include="src\View\PianoRoll\PianoView.cpp">
      <Filter>Source Files</Filter>
    </ClCompile>
    <ClCompile Include="src\View\FreeEGWidget.cpp">
      <Filter>Source Files</Filter>
    </ClCompile>
    <ClCompile Include="src\View\FreeEG\FreeEGScene.cpp">
      <Filter>Source Files</Filter>
    </ClCompile>
    <ClCompile Include="src\View\FreeEG\EGPath.cpp">
      <Filter>Source Files</Filter>
    </ClCompile>
    <ClCompile Include="src\Model\An1xPatch.cpp">
      <Filter>Source Files</Filter>
    </ClCompile>
    <ClCompile Include="src\View\Browser.cpp">
      <Filter>Source Files</Filter>
    </ClCompile>
    <ClCompile Include="src\Model\PatchMemory.cpp">
      <Filter>Source Files</Filter>
    </ClCompile>
    <ClCompile Include="src\Database\Database.cpp">
      <Filter>Source Files</Filter>
    </ClCompile>
    <ClCompile Include="include\QMidi\qmidiin.cpp">
      <Filter>Source Files</Filter>
    </ClCompile>
    <ClCompile Include="include\QMidi\qmidimapper.cpp">
      <Filter>Source Files</Filter>
    </ClCompile>
    <ClCompile Include="include\QMidi\qmidimessage.cpp">
      <Filter>Source Files</Filter>
    </ClCompile>
    <ClCompile Include="include\QMidi\qmidiout.cpp">
      <Filter>Source Files</Filter>
    </ClCompile>
    <ClCompile Include="include\QMidi\qmidipianoroll.cpp">
      <Filter>Source Files</Filter>
    </ClCompile>
    <ClCompile Include="include\QMidi\RtMidi.cpp">
      <Filter>Source Files</Filter>
    </ClCompile>
    <ClCompile Include="src\Model\An1File.cpp">
      <Filter>Source Files</Filter>
    </ClCompile>
    <ClCompile Include="src\Model\PatchDatabase.cpp">
      <Filter>Source Files</Filter>
    </ClCompile>
    <ClCompile Include="src\View\BrowserTableModel.cpp">
      <Filter>Source Files</Filter>
    </ClCompile>
    <ClCompile Include="src\View\GlobalWidgets.cpp">
      <Filter>Source Files</Filter>
    </ClCompile>
    <ClCompile Include="src\View\FreeFunctions.cpp">
      <Filter>Source Files</Filter>
    </ClCompile>
    <ClCompile Include="src\View\DbTableView.cpp">
      <Filter>Source Files</Filter>
    </ClCompile>
    <ClCompile Include="src\View\MemoryList.cpp">
      <Filter>Source Files</Filter>
    </ClCompile>
    <ClCompile Include="src\Model\DragDropManager.cpp">
      <Filter>Source Files</Filter>
    </ClCompile>
    <ClCompile Include="src\Model\ClipoboardManager.cpp">
      <Filter>Source Files</Filter>
    </ClCompile>
    <ClCompile Include="include\sqLite3\sqlite3.c">
      <Filter>Source Files</Filter>
    </ClCompile>
    <ClCompile Include="src\View\SettingsDialog.cpp">
      <Filter>Source Files</Filter>
    </ClCompile>
  </ItemGroup>
  <ItemGroup>
    <ClInclude Include="src\Model\MidiMaster.h">
      <Filter>Header Files</Filter>
    </ClInclude>
    <ClInclude Include="src\Model\An1x.h">
      <Filter>Header Files</Filter>
    </ClInclude>
    <ClInclude Include="src\View\GlobalWidgets.h">
      <Filter>Header Files</Filter>
    </ClInclude>
    <ClInclude Include="src\View\AbstractController.h">
      <Filter>Header Files</Filter>
    </ClInclude>
    <ClInclude Include="src\View\PianoRoll\PianoKey.h">
      <Filter>Header Files</Filter>
    </ClInclude>
    <ClInclude Include="src\View\FreeEG\EGPath.h">
      <Filter>Header Files</Filter>
    </ClInclude>
    <ClInclude Include="resource.h">
      <Filter>Header Files</Filter>
    </ClInclude>
    <ClInclude Include="src\Model\An1xPatch.h">
      <Filter>Header Files</Filter>
    </ClInclude>
    <ClInclude Include="src\Model\PatchMemory.h">
      <Filter>Header Files</Filter>
    </ClInclude>
    <ClInclude Include="src\Database\Database.h">
      <Filter>Header Files</Filter>
    </ClInclude>
    <ClInclude Include="include\QMidi\RtMidi.h">
      <Filter>Header Files</Filter>
    </ClInclude>
    <ClInclude Include="src\Model\An1File.h">
      <Filter>Header Files</Filter>
    </ClInclude>
    <ClInclude Include="src\Model\PatchDatabase.h">
      <Filter>Header Files</Filter>
    </ClInclude>
    <ClInclude Include="src\Model\PatchRow.h">
      <Filter>Header Files</Filter>
    </ClInclude>
    <ClInclude Include="src\View\FreeFunctions.h">
      <Filter>Header Files</Filter>
    </ClInclude>
    <ClInclude Include="src\Model\DragDropManager.h">
      <Filter>Header Files</Filter>
    </ClInclude>
    <ClInclude Include="src\Model\ClipoboardManager.h">
      <Filter>Header Files</Filter>
    </ClInclude>
    <ClInclude Include="include\sqLite3\sqlite3.h">
      <Filter>Header Files</Filter>
    </ClInclude>
    <ClInclude Include="include\sqLite3\sqlite3ext.h">
      <Filter>Header Files</Filter>
    </ClInclude>
    <ClInclude Include="src\Model\Settings.h">
      <Filter>Header Files</Filter>
    </ClInclude>
  </ItemGroup>
  <ItemGroup>
    <QtMoc Include="src\View\SceneView.h">
      <Filter>Header Files</Filter>
    </QtMoc>
    <QtMoc Include="src\View\UiWidgets.h">
      <Filter>Header Files</Filter>
    </QtMoc>
    <QtMoc Include="src\View\VoiceNameEdit.h">
      <Filter>Header Files</Filter>
    </QtMoc>
    <QtMoc Include="src\View\ControlMatrixScene.h">
      <Filter>Header Files</Filter>
    </QtMoc>
    <QtMoc Include="src\View\FxEq.h">
      <Filter>Header Files</Filter>
    </QtMoc>
    <QtMoc Include="src\View\ArpSeq.h">
      <Filter>Header Files</Filter>
    </QtMoc>
    <QtMoc Include="src\View\PianoRoll\PianoView.h">
      <Filter>Header Files</Filter>
    </QtMoc>
    <QtMoc Include="src\View\FreeEGWidget.h">
      <Filter>Header Files</Filter>
    </QtMoc>
    <QtMoc Include="src\View\FreeEG\FreeEGScene.h">
      <Filter>Header Files</Filter>
    </QtMoc>
    <QtMoc Include="src\View\Browser.h">
      <Filter>Header Files</Filter>
    </QtMoc>
    <QtMoc Include="include\QMidi\qmidiin.h">
      <Filter>Header Files</Filter>
    </QtMoc>
    <QtMoc Include="include\QMidi\qmidimapper.h">
      <Filter>Header Files</Filter>
    </QtMoc>
    <QtMoc Include="include\QMidi\qmidimessage.h">
      <Filter>Header Files</Filter>
    </QtMoc>
    <QtMoc Include="include\QMidi\qmidiout.h">
      <Filter>Header Files</Filter>
    </QtMoc>
    <QtMoc Include="include\QMidi\qmidipianoroll.h">
      <Filter>Header Files</Filter>
    </QtMoc>
    <QtMoc Include="src\View\BrowserTableModel.h">
      <Filter>Header Files</Filter>
    </QtMoc>
    <QtMoc Include="src\View\DbTableView.h">
      <Filter>Header Files</Filter>
    </QtMoc>
    <QtMoc Include="src\View\MemoryList.h">
      <Filter>Header Files</Filter>
    </QtMoc>
    <QtMoc Include="src\View\SettingsDialog.h">
      <Filter>Header Files</Filter>
    </QtMoc>
  </ItemGroup>
  <ItemGroup>
    <QtUic Include="src\View\SceneView.ui">
      <Filter>Form Files</Filter>
    </QtUic>
    <QtUic Include="src\View\ControlMatrixScene.ui">
      <Filter>Form Files</Filter>
    </QtUic>
    <QtUic Include="src\View\FxEq.ui">
      <Filter>Form Files</Filter>
    </QtUic>
    <QtUic Include="src\View\ArpSeq.ui">
      <Filter>Form Files</Filter>
    </QtUic>
    <QtUic Include="src\View\FreeEGWidget.ui">
      <Filter>Form Files</Filter>
    </QtUic>
    <QtUic Include="src\View\Browser.ui">
      <Filter>Form Files</Filter>
    </QtUic>
  </ItemGroup>
  <ItemGroup>
    <ResourceCompile Include="QAN1xEditor.rc">
      <Filter>Resource Files</Filter>
    </ResourceCompile>
  </ItemGroup>
  <ItemGroup>
    <Image Include="icon.ico">
      <Filter>Resource Files</Filter>
    </Image>
    <Image Include="installer\icon.ico">
      <Filter>Resource Files</Filter>
    </Image>
    <Image Include="installer\win\icon.ico">
      <Filter>Resource Files</Filter>
    </Image>
  </ItemGroup>
</Project>